// !$*UTF8*$!
{
	archiveVersion = 1;
	classes = {
	};
	objectVersion = 56;
	objects = {

/* Begin PBXBuildFile section */
		4205873229595D6D001802E0 /* Item.swift in Sources */ = {isa = PBXBuildFile; fileRef = 4205873129595D6D001802E0 /* Item.swift */; };
		42058734295A52AD001802E0 /* ItemView.swift in Sources */ = {isa = PBXBuildFile; fileRef = 42058733295A52AD001802E0 /* ItemView.swift */; };
		42058736295B9EFD001802E0 /* Cart.swift in Sources */ = {isa = PBXBuildFile; fileRef = 42058735295B9EFD001802E0 /* Cart.swift */; };
		42058738295BB110001802E0 /* CartView.swift in Sources */ = {isa = PBXBuildFile; fileRef = 42058737295BB110001802E0 /* CartView.swift */; };
		429B5D682953C6CC002B3A06 /* Menu.swift in Sources */ = {isa = PBXBuildFile; fileRef = 429B5D672953C6CC002B3A06 /* Menu.swift */; };
		429B5D6C29564850002B3A06 /* GoogleService-Info.plist in Resources */ = {isa = PBXBuildFile; fileRef = 429B5D6E29564850002B3A06 /* GoogleService-Info.plist */; };
		429B5D8629564B2F002B3A06 /* absl.framework in Frameworks */ = {isa = PBXBuildFile; fileRef = 429B5D7629564B2D002B3A06 /* absl.framework */; };
		42F3EE4129315BA80076DC5E /* Home.swift in Sources */ = {isa = PBXBuildFile; fileRef = 42F3EE4029315BA80076DC5E /* Home.swift */; };
		42F3EE4329315BC10076DC5E /* HomeViewModel.swift in Sources */ = {isa = PBXBuildFile; fileRef = 42F3EE4229315BC10076DC5E /* HomeViewModel.swift */; };
		AE60430A293150B6008DB0C9 /* DineAndGoApp.swift in Sources */ = {isa = PBXBuildFile; fileRef = AE604309293150B6008DB0C9 /* DineAndGoApp.swift */; };
		AE60430C293150B6008DB0C9 /* ContentView.swift in Sources */ = {isa = PBXBuildFile; fileRef = AE60430B293150B6008DB0C9 /* ContentView.swift */; };
		AE60430E293150B7008DB0C9 /* Assets.xcassets in Resources */ = {isa = PBXBuildFile; fileRef = AE60430D293150B7008DB0C9 /* Assets.xcassets */; };
		AE604312293150B7008DB0C9 /* Preview Assets.xcassets in Resources */ = {isa = PBXBuildFile; fileRef = AE604311293150B7008DB0C9 /* Preview Assets.xcassets */; };
		D19DF20307BC8416F966B734 /* Pods_DineAndGo.framework in Frameworks */ = {isa = PBXBuildFile; fileRef = 69C082F951FA40FF5FD98A51 /* Pods_DineAndGo.framework */; };
/* End PBXBuildFile section */

/* Begin PBXFileReference section */
		4205873129595D6D001802E0 /* Item.swift */ = {isa = PBXFileReference; lastKnownFileType = sourcecode.swift; path = Item.swift; sourceTree = "<group>"; };
		42058733295A52AD001802E0 /* ItemView.swift */ = {isa = PBXFileReference; lastKnownFileType = sourcecode.swift; path = ItemView.swift; sourceTree = "<group>"; };
		42058735295B9EFD001802E0 /* Cart.swift */ = {isa = PBXFileReference; lastKnownFileType = sourcecode.swift; path = Cart.swift; sourceTree = "<group>"; };
		42058737295BB110001802E0 /* CartView.swift */ = {isa = PBXFileReference; lastKnownFileType = sourcecode.swift; path = CartView.swift; sourceTree = "<group>"; };
		429B5D672953C6CC002B3A06 /* Menu.swift */ = {isa = PBXFileReference; lastKnownFileType = sourcecode.swift; path = Menu.swift; sourceTree = "<group>"; };
		429B5D6D29564850002B3A06 /* Base */ = {isa = PBXFileReference; lastKnownFileType = text.plist.xml; name = Base; path = "Base.lproj/GoogleService-Info.plist"; sourceTree = "<group>"; };
		429B5D6F29564894002B3A06 /* en */ = {isa = PBXFileReference; lastKnownFileType = text.plist.xml; name = en; path = "en.lproj/GoogleService-Info.plist"; sourceTree = "<group>"; };
		429B5D7629564B2D002B3A06 /* absl.framework */ = {isa = PBXFileReference; explicitFileType = wrapper.framework; path = absl.framework; sourceTree = BUILT_PRODUCTS_DIR; };
		429B5D7729564B2D002B3A06 /* FBLPromises.framework */ = {isa = PBXFileReference; explicitFileType = wrapper.framework; path = FBLPromises.framework; sourceTree = BUILT_PRODUCTS_DIR; };
		429B5D7829564B2D002B3A06 /* FirebaseAuth.framework */ = {isa = PBXFileReference; explicitFileType = wrapper.framework; path = FirebaseAuth.framework; sourceTree = BUILT_PRODUCTS_DIR; };
		429B5D7929564B2D002B3A06 /* FirebaseCore.framework */ = {isa = PBXFileReference; explicitFileType = wrapper.framework; path = FirebaseCore.framework; sourceTree = BUILT_PRODUCTS_DIR; };
		429B5D7A29564B2D002B3A06 /* FirebaseCoreDiagnostics.framework */ = {isa = PBXFileReference; explicitFileType = wrapper.framework; path = FirebaseCoreDiagnostics.framework; sourceTree = BUILT_PRODUCTS_DIR; };
		429B5D7B29564B2D002B3A06 /* FirebaseFirestore.framework */ = {isa = PBXFileReference; explicitFileType = wrapper.framework; path = FirebaseFirestore.framework; sourceTree = BUILT_PRODUCTS_DIR; };
		429B5D7C29564B2D002B3A06 /* GoogleDataTransport.framework */ = {isa = PBXFileReference; explicitFileType = wrapper.framework; path = GoogleDataTransport.framework; sourceTree = BUILT_PRODUCTS_DIR; };
		429B5D7D29564B2D002B3A06 /* GoogleUtilities.framework */ = {isa = PBXFileReference; explicitFileType = wrapper.framework; path = GoogleUtilities.framework; sourceTree = BUILT_PRODUCTS_DIR; };
		429B5D7E29564B2D002B3A06 /* grpc.framework */ = {isa = PBXFileReference; explicitFileType = wrapper.framework; path = grpc.framework; sourceTree = BUILT_PRODUCTS_DIR; };
		429B5D7F29564B2D002B3A06 /* gRPCCertificates-Cpp.bundle */ = {isa = PBXFileReference; explicitFileType = wrapper.cfbundle; path = "gRPCCertificates-Cpp.bundle"; sourceTree = BUILT_PRODUCTS_DIR; };
		429B5D8029564B2D002B3A06 /* grpcpp.framework */ = {isa = PBXFileReference; explicitFileType = wrapper.framework; path = grpcpp.framework; sourceTree = BUILT_PRODUCTS_DIR; };
		429B5D8129564B2D002B3A06 /* GTMSessionFetcher.framework */ = {isa = PBXFileReference; explicitFileType = wrapper.framework; path = GTMSessionFetcher.framework; sourceTree = BUILT_PRODUCTS_DIR; };
		429B5D8229564B2D002B3A06 /* leveldb.framework */ = {isa = PBXFileReference; explicitFileType = wrapper.framework; path = leveldb.framework; sourceTree = BUILT_PRODUCTS_DIR; };
		429B5D8329564B2D002B3A06 /* nanopb.framework */ = {isa = PBXFileReference; explicitFileType = wrapper.framework; path = nanopb.framework; sourceTree = BUILT_PRODUCTS_DIR; };
		429B5D8429564B2D002B3A06 /* openssl_grpc.framework */ = {isa = PBXFileReference; explicitFileType = wrapper.framework; path = openssl_grpc.framework; sourceTree = BUILT_PRODUCTS_DIR; };
		42F3EE4029315BA80076DC5E /* Home.swift */ = {isa = PBXFileReference; lastKnownFileType = sourcecode.swift; path = Home.swift; sourceTree = "<group>"; };
		42F3EE4229315BC10076DC5E /* HomeViewModel.swift */ = {isa = PBXFileReference; lastKnownFileType = sourcecode.swift; path = HomeViewModel.swift; sourceTree = "<group>"; };
		69C082F951FA40FF5FD98A51 /* Pods_DineAndGo.framework */ = {isa = PBXFileReference; explicitFileType = wrapper.framework; includeInIndex = 0; path = Pods_DineAndGo.framework; sourceTree = BUILT_PRODUCTS_DIR; };
		77E77E2017754E515BD86FAF /* Pods-DineAndGo.debug.xcconfig */ = {isa = PBXFileReference; includeInIndex = 1; lastKnownFileType = text.xcconfig; name = "Pods-DineAndGo.debug.xcconfig"; path = "Target Support Files/Pods-DineAndGo/Pods-DineAndGo.debug.xcconfig"; sourceTree = "<group>"; };
		AE604306293150B6008DB0C9 /* DineAndGo.app */ = {isa = PBXFileReference; explicitFileType = wrapper.application; includeInIndex = 0; path = DineAndGo.app; sourceTree = BUILT_PRODUCTS_DIR; };
		AE604309293150B6008DB0C9 /* DineAndGoApp.swift */ = {isa = PBXFileReference; lastKnownFileType = sourcecode.swift; path = DineAndGoApp.swift; sourceTree = "<group>"; };
		AE60430B293150B6008DB0C9 /* ContentView.swift */ = {isa = PBXFileReference; lastKnownFileType = sourcecode.swift; path = ContentView.swift; sourceTree = "<group>"; };
		AE60430D293150B7008DB0C9 /* Assets.xcassets */ = {isa = PBXFileReference; lastKnownFileType = folder.assetcatalog; path = Assets.xcassets; sourceTree = "<group>"; };
		AE60430F293150B7008DB0C9 /* DineAndGo.entitlements */ = {isa = PBXFileReference; lastKnownFileType = text.plist.entitlements; path = DineAndGo.entitlements; sourceTree = "<group>"; };
		AE604311293150B7008DB0C9 /* Preview Assets.xcassets */ = {isa = PBXFileReference; lastKnownFileType = folder.assetcatalog; path = "Preview Assets.xcassets"; sourceTree = "<group>"; };
		B0FB9F819ED864308E950315 /* Pods-DineAndGo.release.xcconfig */ = {isa = PBXFileReference; includeInIndex = 1; lastKnownFileType = text.xcconfig; name = "Pods-DineAndGo.release.xcconfig"; path = "Target Support Files/Pods-DineAndGo/Pods-DineAndGo.release.xcconfig"; sourceTree = "<group>"; };
/* End PBXFileReference section */

/* Begin PBXFrameworksBuildPhase section */
		AE604303293150B6008DB0C9 /* Frameworks */ = {
			isa = PBXFrameworksBuildPhase;
			buildActionMask = 2147483647;
			files = (
				429B5D8629564B2F002B3A06 /* absl.framework in Frameworks */,
				D19DF20307BC8416F966B734 /* Pods_DineAndGo.framework in Frameworks */,
			);
			runOnlyForDeploymentPostprocessing = 0;
		};
/* End PBXFrameworksBuildPhase section */

/* Begin PBXGroup section */
		21D9F525F17371145570788C /* Pods */ = {
			isa = PBXGroup;
			children = (
				77E77E2017754E515BD86FAF /* Pods-DineAndGo.debug.xcconfig */,
				B0FB9F819ED864308E950315 /* Pods-DineAndGo.release.xcconfig */,
			);
			path = Pods;
			sourceTree = "<group>";
		};
		42F3EE3D29315B360076DC5E /* View */ = {
			isa = PBXGroup;
			children = (
				42F3EE4029315BA80076DC5E /* Home.swift */,
				429B5D672953C6CC002B3A06 /* Menu.swift */,
				42058733295A52AD001802E0 /* ItemView.swift */,
				42058737295BB110001802E0 /* CartView.swift */,
			);
			path = View;
			sourceTree = "<group>";
		};
		42F3EE3E29315B870076DC5E /* Model */ = {
			isa = PBXGroup;
			children = (
				4205873129595D6D001802E0 /* Item.swift */,
				42058735295B9EFD001802E0 /* Cart.swift */,
			);
			path = Model;
			sourceTree = "<group>";
		};
		42F3EE3F29315B8F0076DC5E /* ViewModel */ = {
			isa = PBXGroup;
			children = (
				42F3EE4229315BC10076DC5E /* HomeViewModel.swift */,
			);
			path = ViewModel;
			sourceTree = "<group>";
		};
		5A2E8FFAF585A77DBB807510 /* Frameworks */ = {
			isa = PBXGroup;
			children = (
				429B5D7629564B2D002B3A06 /* absl.framework */,
				429B5D7729564B2D002B3A06 /* FBLPromises.framework */,
				429B5D7829564B2D002B3A06 /* FirebaseAuth.framework */,
				429B5D7929564B2D002B3A06 /* FirebaseCore.framework */,
				429B5D7A29564B2D002B3A06 /* FirebaseCoreDiagnostics.framework */,
				429B5D7B29564B2D002B3A06 /* FirebaseFirestore.framework */,
				429B5D7C29564B2D002B3A06 /* GoogleDataTransport.framework */,
				429B5D7D29564B2D002B3A06 /* GoogleUtilities.framework */,
				429B5D7E29564B2D002B3A06 /* grpc.framework */,
				429B5D7F29564B2D002B3A06 /* gRPCCertificates-Cpp.bundle */,
				429B5D8029564B2D002B3A06 /* grpcpp.framework */,
				429B5D8129564B2D002B3A06 /* GTMSessionFetcher.framework */,
				429B5D8229564B2D002B3A06 /* leveldb.framework */,
				429B5D8329564B2D002B3A06 /* nanopb.framework */,
				429B5D8429564B2D002B3A06 /* openssl_grpc.framework */,
				69C082F951FA40FF5FD98A51 /* Pods_DineAndGo.framework */,
			);
			name = Frameworks;
			sourceTree = "<group>";
		};
		AE6042FD293150B6008DB0C9 = {
			isa = PBXGroup;
			children = (
				AE604308293150B6008DB0C9 /* DineAndGo */,
				AE604307293150B6008DB0C9 /* Products */,
				21D9F525F17371145570788C /* Pods */,
				5A2E8FFAF585A77DBB807510 /* Frameworks */,
			);
			sourceTree = "<group>";
		};
		AE604307293150B6008DB0C9 /* Products */ = {
			isa = PBXGroup;
			children = (
				AE604306293150B6008DB0C9 /* DineAndGo.app */,
			);
			name = Products;
			sourceTree = "<group>";
		};
		AE604308293150B6008DB0C9 /* DineAndGo */ = {
			isa = PBXGroup;
			children = (
				429B5D6E29564850002B3A06 /* GoogleService-Info.plist */,
				42F3EE3F29315B8F0076DC5E /* ViewModel */,
				42F3EE3E29315B870076DC5E /* Model */,
				42F3EE3D29315B360076DC5E /* View */,
				AE604309293150B6008DB0C9 /* DineAndGoApp.swift */,
				AE60430B293150B6008DB0C9 /* ContentView.swift */,
				AE60430D293150B7008DB0C9 /* Assets.xcassets */,
				AE60430F293150B7008DB0C9 /* DineAndGo.entitlements */,
				AE604310293150B7008DB0C9 /* Preview Content */,
			);
			path = DineAndGo;
			sourceTree = "<group>";
		};
		AE604310293150B7008DB0C9 /* Preview Content */ = {
			isa = PBXGroup;
			children = (
				AE604311293150B7008DB0C9 /* Preview Assets.xcassets */,
			);
			path = "Preview Content";
			sourceTree = "<group>";
		};
/* End PBXGroup section */

/* Begin PBXNativeTarget section */
		AE604305293150B6008DB0C9 /* DineAndGo */ = {
			isa = PBXNativeTarget;
			buildConfigurationList = AE604315293150B7008DB0C9 /* Build configuration list for PBXNativeTarget "DineAndGo" */;
			buildPhases = (
				5FFF0C98C181A5265D3120C7 /* [CP] Check Pods Manifest.lock */,
				AE604302293150B6008DB0C9 /* Sources */,
				AE604303293150B6008DB0C9 /* Frameworks */,
				AE604304293150B6008DB0C9 /* Resources */,
				3B373D6E83EAF67EF2D67278 /* [CP] Embed Pods Frameworks */,
			);
			buildRules = (
			);
			dependencies = (
			);
			name = DineAndGo;
			productName = DineAndGo;
			productReference = AE604306293150B6008DB0C9 /* DineAndGo.app */;
			productType = "com.apple.product-type.application";
		};
/* End PBXNativeTarget section */

/* Begin PBXProject section */
		AE6042FE293150B6008DB0C9 /* Project object */ = {
			isa = PBXProject;
			attributes = {
				BuildIndependentTargetsInParallel = 1;
				LastSwiftUpdateCheck = 1410;
				LastUpgradeCheck = 1420;
				TargetAttributes = {
					AE604305293150B6008DB0C9 = {
						CreatedOnToolsVersion = 14.1;
					};
				};
			};
			buildConfigurationList = AE604301293150B6008DB0C9 /* Build configuration list for PBXProject "DineAndGo" */;
			compatibilityVersion = "Xcode 14.0";
			developmentRegion = en;
			hasScannedForEncodings = 0;
			knownRegions = (
				en,
				Base,
			);
			mainGroup = AE6042FD293150B6008DB0C9;
			productRefGroup = AE604307293150B6008DB0C9 /* Products */;
			projectDirPath = "";
			projectRoot = "";
			targets = (
				AE604305293150B6008DB0C9 /* DineAndGo */,
			);
		};
/* End PBXProject section */

/* Begin PBXResourcesBuildPhase section */
		AE604304293150B6008DB0C9 /* Resources */ = {
			isa = PBXResourcesBuildPhase;
			buildActionMask = 2147483647;
			files = (
				AE604312293150B7008DB0C9 /* Preview Assets.xcassets in Resources */,
				AE60430E293150B7008DB0C9 /* Assets.xcassets in Resources */,
				429B5D6C29564850002B3A06 /* GoogleService-Info.plist in Resources */,
			);
			runOnlyForDeploymentPostprocessing = 0;
		};
/* End PBXResourcesBuildPhase section */

/* Begin PBXShellScriptBuildPhase section */
		3B373D6E83EAF67EF2D67278 /* [CP] Embed Pods Frameworks */ = {
			isa = PBXShellScriptBuildPhase;
			buildActionMask = 2147483647;
			files = (
			);
			inputFileListPaths = (
				"${PODS_ROOT}/Target Support Files/Pods-DineAndGo/Pods-DineAndGo-frameworks-${CONFIGURATION}-input-files.xcfilelist",
			);
			name = "[CP] Embed Pods Frameworks";
			outputFileListPaths = (
				"${PODS_ROOT}/Target Support Files/Pods-DineAndGo/Pods-DineAndGo-frameworks-${CONFIGURATION}-output-files.xcfilelist",
			);
			runOnlyForDeploymentPostprocessing = 0;
			shellPath = /bin/sh;
			shellScript = "\"${PODS_ROOT}/Target Support Files/Pods-DineAndGo/Pods-DineAndGo-frameworks.sh\"\n";
			showEnvVarsInLog = 0;
		};
		5FFF0C98C181A5265D3120C7 /* [CP] Check Pods Manifest.lock */ = {
			isa = PBXShellScriptBuildPhase;
			buildActionMask = 2147483647;
			files = (
			);
			inputFileListPaths = (
			);
			inputPaths = (
				"${PODS_PODFILE_DIR_PATH}/Podfile.lock",
				"${PODS_ROOT}/Manifest.lock",
			);
			name = "[CP] Check Pods Manifest.lock";
			outputFileListPaths = (
			);
			outputPaths = (
				"$(DERIVED_FILE_DIR)/Pods-DineAndGo-checkManifestLockResult.txt",
			);
			runOnlyForDeploymentPostprocessing = 0;
			shellPath = /bin/sh;
			shellScript = "diff \"${PODS_PODFILE_DIR_PATH}/Podfile.lock\" \"${PODS_ROOT}/Manifest.lock\" > /dev/null\nif [ $? != 0 ] ; then\n    # print error to STDERR\n    echo \"error: The sandbox is not in sync with the Podfile.lock. Run 'pod install' or update your CocoaPods installation.\" >&2\n    exit 1\nfi\n# This output is used by Xcode 'outputs' to avoid re-running this script phase.\necho \"SUCCESS\" > \"${SCRIPT_OUTPUT_FILE_0}\"\n";
			showEnvVarsInLog = 0;
		};
/* End PBXShellScriptBuildPhase section */

/* Begin PBXSourcesBuildPhase section */
		AE604302293150B6008DB0C9 /* Sources */ = {
			isa = PBXSourcesBuildPhase;
			buildActionMask = 2147483647;
			files = (
				42058738295BB110001802E0 /* CartView.swift in Sources */,
				AE60430C293150B6008DB0C9 /* ContentView.swift in Sources */,
				42F3EE4129315BA80076DC5E /* Home.swift in Sources */,
				AE60430A293150B6008DB0C9 /* DineAndGoApp.swift in Sources */,
				42F3EE4329315BC10076DC5E /* HomeViewModel.swift in Sources */,
				42058734295A52AD001802E0 /* ItemView.swift in Sources */,
				4205873229595D6D001802E0 /* Item.swift in Sources */,
				429B5D682953C6CC002B3A06 /* Menu.swift in Sources */,
				42058736295B9EFD001802E0 /* Cart.swift in Sources */,
			);
			runOnlyForDeploymentPostprocessing = 0;
		};
/* End PBXSourcesBuildPhase section */

/* Begin PBXVariantGroup section */
		429B5D6E29564850002B3A06 /* GoogleService-Info.plist */ = {
			isa = PBXVariantGroup;
			children = (
				429B5D6D29564850002B3A06 /* Base */,
				429B5D6F29564894002B3A06 /* en */,
			);
			name = "GoogleService-Info.plist";
			sourceTree = "<group>";
		};
/* End PBXVariantGroup section */

/* Begin XCBuildConfiguration section */
		AE604313293150B7008DB0C9 /* Debug */ = {
			isa = XCBuildConfiguration;
			buildSettings = {
				ALWAYS_SEARCH_USER_PATHS = NO;
				CLANG_ANALYZER_NONNULL = YES;
				CLANG_ANALYZER_NUMBER_OBJECT_CONVERSION = YES_AGGRESSIVE;
				CLANG_CXX_LANGUAGE_STANDARD = "gnu++20";
				CLANG_ENABLE_MODULES = YES;
				CLANG_ENABLE_OBJC_ARC = YES;
				CLANG_ENABLE_OBJC_WEAK = YES;
				CLANG_WARN_BLOCK_CAPTURE_AUTORELEASING = YES;
				CLANG_WARN_BOOL_CONVERSION = YES;
				CLANG_WARN_COMMA = YES;
				CLANG_WARN_CONSTANT_CONVERSION = YES;
				CLANG_WARN_DEPRECATED_OBJC_IMPLEMENTATIONS = YES;
				CLANG_WARN_DIRECT_OBJC_ISA_USAGE = YES_ERROR;
				CLANG_WARN_DOCUMENTATION_COMMENTS = YES;
				CLANG_WARN_EMPTY_BODY = YES;
				CLANG_WARN_ENUM_CONVERSION = YES;
				CLANG_WARN_INFINITE_RECURSION = YES;
				CLANG_WARN_INT_CONVERSION = YES;
				CLANG_WARN_NON_LITERAL_NULL_CONVERSION = YES;
				CLANG_WARN_OBJC_IMPLICIT_RETAIN_SELF = YES;
				CLANG_WARN_OBJC_LITERAL_CONVERSION = YES;
				CLANG_WARN_OBJC_ROOT_CLASS = YES_ERROR;
				CLANG_WARN_QUOTED_INCLUDE_IN_FRAMEWORK_HEADER = YES;
				CLANG_WARN_RANGE_LOOP_ANALYSIS = YES;
				CLANG_WARN_STRICT_PROTOTYPES = YES;
				CLANG_WARN_SUSPICIOUS_MOVE = YES;
				CLANG_WARN_UNGUARDED_AVAILABILITY = YES_AGGRESSIVE;
				CLANG_WARN_UNREACHABLE_CODE = YES;
				CLANG_WARN__DUPLICATE_METHOD_MATCH = YES;
				COPY_PHASE_STRIP = NO;
				DEAD_CODE_STRIPPING = YES;
				DEBUG_INFORMATION_FORMAT = dwarf;
				ENABLE_STRICT_OBJC_MSGSEND = YES;
				ENABLE_TESTABILITY = YES;
				GCC_C_LANGUAGE_STANDARD = gnu11;
				GCC_DYNAMIC_NO_PIC = NO;
				GCC_NO_COMMON_BLOCKS = YES;
				GCC_OPTIMIZATION_LEVEL = 0;
				GCC_PREPROCESSOR_DEFINITIONS = (
					"DEBUG=1",
					"$(inherited)",
				);
				GCC_WARN_64_TO_32_BIT_CONVERSION = YES;
				GCC_WARN_ABOUT_RETURN_TYPE = YES_ERROR;
				GCC_WARN_UNDECLARED_SELECTOR = YES;
				GCC_WARN_UNINITIALIZED_AUTOS = YES_AGGRESSIVE;
				GCC_WARN_UNUSED_FUNCTION = YES;
				GCC_WARN_UNUSED_VARIABLE = YES;
				MTL_ENABLE_DEBUG_INFO = INCLUDE_SOURCE;
				MTL_FAST_MATH = YES;
				ONLY_ACTIVE_ARCH = YES;
				SWIFT_ACTIVE_COMPILATION_CONDITIONS = DEBUG;
				SWIFT_OPTIMIZATION_LEVEL = "-Onone";
			};
			name = Debug;
		};
		AE604314293150B7008DB0C9 /* Release */ = {
			isa = XCBuildConfiguration;
			buildSettings = {
				ALWAYS_SEARCH_USER_PATHS = NO;
				CLANG_ANALYZER_NONNULL = YES;
				CLANG_ANALYZER_NUMBER_OBJECT_CONVERSION = YES_AGGRESSIVE;
				CLANG_CXX_LANGUAGE_STANDARD = "gnu++20";
				CLANG_ENABLE_MODULES = YES;
				CLANG_ENABLE_OBJC_ARC = YES;
				CLANG_ENABLE_OBJC_WEAK = YES;
				CLANG_WARN_BLOCK_CAPTURE_AUTORELEASING = YES;
				CLANG_WARN_BOOL_CONVERSION = YES;
				CLANG_WARN_COMMA = YES;
				CLANG_WARN_CONSTANT_CONVERSION = YES;
				CLANG_WARN_DEPRECATED_OBJC_IMPLEMENTATIONS = YES;
				CLANG_WARN_DIRECT_OBJC_ISA_USAGE = YES_ERROR;
				CLANG_WARN_DOCUMENTATION_COMMENTS = YES;
				CLANG_WARN_EMPTY_BODY = YES;
				CLANG_WARN_ENUM_CONVERSION = YES;
				CLANG_WARN_INFINITE_RECURSION = YES;
				CLANG_WARN_INT_CONVERSION = YES;
				CLANG_WARN_NON_LITERAL_NULL_CONVERSION = YES;
				CLANG_WARN_OBJC_IMPLICIT_RETAIN_SELF = YES;
				CLANG_WARN_OBJC_LITERAL_CONVERSION = YES;
				CLANG_WARN_OBJC_ROOT_CLASS = YES_ERROR;
				CLANG_WARN_QUOTED_INCLUDE_IN_FRAMEWORK_HEADER = YES;
				CLANG_WARN_RANGE_LOOP_ANALYSIS = YES;
				CLANG_WARN_STRICT_PROTOTYPES = YES;
				CLANG_WARN_SUSPICIOUS_MOVE = YES;
				CLANG_WARN_UNGUARDED_AVAILABILITY = YES_AGGRESSIVE;
				CLANG_WARN_UNREACHABLE_CODE = YES;
				CLANG_WARN__DUPLICATE_METHOD_MATCH = YES;
				COPY_PHASE_STRIP = NO;
				DEAD_CODE_STRIPPING = YES;
				DEBUG_INFORMATION_FORMAT = "dwarf-with-dsym";
				ENABLE_NS_ASSERTIONS = NO;
				ENABLE_STRICT_OBJC_MSGSEND = YES;
				GCC_C_LANGUAGE_STANDARD = gnu11;
				GCC_NO_COMMON_BLOCKS = YES;
				GCC_WARN_64_TO_32_BIT_CONVERSION = YES;
				GCC_WARN_ABOUT_RETURN_TYPE = YES_ERROR;
				GCC_WARN_UNDECLARED_SELECTOR = YES;
				GCC_WARN_UNINITIALIZED_AUTOS = YES_AGGRESSIVE;
				GCC_WARN_UNUSED_FUNCTION = YES;
				GCC_WARN_UNUSED_VARIABLE = YES;
				MTL_ENABLE_DEBUG_INFO = NO;
				MTL_FAST_MATH = YES;
				SWIFT_COMPILATION_MODE = wholemodule;
				SWIFT_OPTIMIZATION_LEVEL = "-O";
			};
			name = Release;
		};
		AE604316293150B7008DB0C9 /* Debug */ = {
			isa = XCBuildConfiguration;
			baseConfigurationReference = 77E77E2017754E515BD86FAF /* Pods-DineAndGo.debug.xcconfig */;
			buildSettings = {
				ASSETCATALOG_COMPILER_APPICON_NAME = AppIcon;
				ASSETCATALOG_COMPILER_GLOBAL_ACCENT_COLOR_NAME = AccentColor;
				CLANG_USE_OPTIMIZATION_PROFILE = NO;
				CODE_SIGN_ENTITLEMENTS = DineAndGo/DineAndGo.entitlements;
				CODE_SIGN_IDENTITY = "-";
				"CODE_SIGN_IDENTITY[sdk=iphoneos*]" = "Apple Development";
				CODE_SIGN_STYLE = Automatic;
				CURRENT_PROJECT_VERSION = 1;
				DEAD_CODE_STRIPPING = YES;
				DEVELOPMENT_ASSET_PATHS = "\"DineAndGo/Preview Content\"";
				ENABLE_PREVIEWS = YES;
				GENERATE_INFOPLIST_FILE = YES;
				INFOPLIST_FILE = DineAndGo/Info.plist;
				INFOPLIST_KEY_LSApplicationCategoryType = "public.app-category.food-and-drink";
				INFOPLIST_KEY_NSLocationWhenInUseUsageDescription = "";
				"INFOPLIST_KEY_UIApplicationSceneManifest_Generation[sdk=iphoneos*]" = YES;
				"INFOPLIST_KEY_UIApplicationSceneManifest_Generation[sdk=iphonesimulator*]" = YES;
				INFOPLIST_KEY_UIApplicationSupportsIndirectInputEvents = YES;
				"INFOPLIST_KEY_UIApplicationSupportsIndirectInputEvents[sdk=iphoneos*]" = YES;
				"INFOPLIST_KEY_UIApplicationSupportsIndirectInputEvents[sdk=iphonesimulator*]" = YES;
				"INFOPLIST_KEY_UILaunchScreen_Generation[sdk=iphoneos*]" = YES;
				"INFOPLIST_KEY_UILaunchScreen_Generation[sdk=iphonesimulator*]" = YES;
				INFOPLIST_KEY_UIRequiredDeviceCapabilities = "\"\"";
				"INFOPLIST_KEY_UIStatusBarStyle[sdk=iphoneos*]" = UIStatusBarStyleDefault;
				"INFOPLIST_KEY_UIStatusBarStyle[sdk=iphonesimulator*]" = UIStatusBarStyleDefault;
				INFOPLIST_KEY_UISupportedInterfaceOrientations_iPad = "UIInterfaceOrientationPortrait UIInterfaceOrientationPortraitUpsideDown UIInterfaceOrientationLandscapeLeft UIInterfaceOrientationLandscapeRight";
				INFOPLIST_KEY_UISupportedInterfaceOrientations_iPhone = "UIInterfaceOrientationPortrait UIInterfaceOrientationLandscapeLeft UIInterfaceOrientationLandscapeRight";
				IPHONEOS_DEPLOYMENT_TARGET = 16.1;
				LD_RUNPATH_SEARCH_PATHS = "$(inherited)";
				"LD_RUNPATH_SEARCH_PATHS[sdk=macosx*]" = "$(inherited)";
				MACOSX_DEPLOYMENT_TARGET = 13.0;
				MARKETING_VERSION = 1.0;
				PRODUCT_BUNDLE_IDENTIFIER = algebra2boy.DineAndGo;
				PRODUCT_NAME = "$(TARGET_NAME)";
				SDKROOT = auto;
				SUPPORTED_PLATFORMS = "iphoneos iphonesimulator macosx";
				SWIFT_EMIT_LOC_STRINGS = YES;
				SWIFT_VERSION = 5.0;
				TARGETED_DEVICE_FAMILY = "1,2";
			};
			name = Debug;
		};
		AE604317293150B7008DB0C9 /* Release */ = {
			isa = XCBuildConfiguration;
			baseConfigurationReference = B0FB9F819ED864308E950315 /* Pods-DineAndGo.release.xcconfig */;
			buildSettings = {
				ASSETCATALOG_COMPILER_APPICON_NAME = AppIcon;
				ASSETCATALOG_COMPILER_GLOBAL_ACCENT_COLOR_NAME = AccentColor;
				CLANG_USE_OPTIMIZATION_PROFILE = NO;
				CODE_SIGN_ENTITLEMENTS = DineAndGo/DineAndGo.entitlements;
				CODE_SIGN_IDENTITY = "-";
				"CODE_SIGN_IDENTITY[sdk=iphoneos*]" = "Apple Development";
				CODE_SIGN_STYLE = Automatic;
				CURRENT_PROJECT_VERSION = 1;
				DEAD_CODE_STRIPPING = YES;
				DEVELOPMENT_ASSET_PATHS = "\"DineAndGo/Preview Content\"";
				ENABLE_PREVIEWS = YES;
				GENERATE_INFOPLIST_FILE = YES;
				INFOPLIST_FILE = DineAndGo/Info.plist;
				INFOPLIST_KEY_LSApplicationCategoryType = "public.app-category.food-and-drink";
				INFOPLIST_KEY_NSLocationWhenInUseUsageDescription = "";
				"INFOPLIST_KEY_UIApplicationSceneManifest_Generation[sdk=iphoneos*]" = YES;
				"INFOPLIST_KEY_UIApplicationSceneManifest_Generation[sdk=iphonesimulator*]" = YES;
				INFOPLIST_KEY_UIApplicationSupportsIndirectInputEvents = YES;
				"INFOPLIST_KEY_UIApplicationSupportsIndirectInputEvents[sdk=iphoneos*]" = YES;
				"INFOPLIST_KEY_UIApplicationSupportsIndirectInputEvents[sdk=iphonesimulator*]" = YES;
				"INFOPLIST_KEY_UILaunchScreen_Generation[sdk=iphoneos*]" = YES;
				"INFOPLIST_KEY_UILaunchScreen_Generation[sdk=iphonesimulator*]" = YES;
				INFOPLIST_KEY_UIRequiredDeviceCapabilities = "\"\"";
				"INFOPLIST_KEY_UIStatusBarStyle[sdk=iphoneos*]" = UIStatusBarStyleDefault;
				"INFOPLIST_KEY_UIStatusBarStyle[sdk=iphonesimulator*]" = UIStatusBarStyleDefault;
				INFOPLIST_KEY_UISupportedInterfaceOrientations_iPad = "UIInterfaceOrientationPortrait UIInterfaceOrientationPortraitUpsideDown UIInterfaceOrientationLandscapeLeft UIInterfaceOrientationLandscapeRight";
				INFOPLIST_KEY_UISupportedInterfaceOrientations_iPhone = "UIInterfaceOrientationPortrait UIInterfaceOrientationLandscapeLeft UIInterfaceOrientationLandscapeRight";
				IPHONEOS_DEPLOYMENT_TARGET = 16.1;
				LD_RUNPATH_SEARCH_PATHS = "$(inherited)";
				"LD_RUNPATH_SEARCH_PATHS[sdk=macosx*]" = "$(inherited)";
				MACOSX_DEPLOYMENT_TARGET = 13.0;
				MARKETING_VERSION = 1.0;
				PRODUCT_BUNDLE_IDENTIFIER = algebra2boy.DineAndGo;
				PRODUCT_NAME = "$(TARGET_NAME)";
				SDKROOT = auto;
				SUPPORTED_PLATFORMS = "iphoneos iphonesimulator macosx";
				SWIFT_EMIT_LOC_STRINGS = YES;
				SWIFT_VERSION = 5.0;
				TARGETED_DEVICE_FAMILY = "1,2";
			};
			name = Release;
		};
/* End XCBuildConfiguration section */

/* Begin XCConfigurationList section */
		AE604301293150B6008DB0C9 /* Build configuration list for PBXProject "DineAndGo" */ = {
			isa = XCConfigurationList;
			buildConfigurations = (
				AE604313293150B7008DB0C9 /* Debug */,
				AE604314293150B7008DB0C9 /* Release */,
			);
			defaultConfigurationIsVisible = 0;
			defaultConfigurationName = Release;
		};
		AE604315293150B7008DB0C9 /* Build configuration list for PBXNativeTarget "DineAndGo" */ = {
			isa = XCConfigurationList;
			buildConfigurations = (
				AE604316293150B7008DB0C9 /* Debug */,
				AE604317293150B7008DB0C9 /* Release */,
			);
			defaultConfigurationIsVisible = 0;
			defaultConfigurationName = Release;
		};
/* End XCConfigurationList section */
	};
	rootObject = AE6042FE293150B6008DB0C9 /* Project object */;
}
